// !$*UTF8*$!
{
	archiveVersion = 1;
	classes = {
	};
	objectVersion = 51;
	objects = {

/* Begin PBXBuildFile section */
		CEFB00E1BB6E6D468F8E7075 /* Pods_Zadatak_.framework in Frameworks */ = {isa = PBXBuildFile; fileRef = A233D7198251F35E5810B8F4 /* Pods_Zadatak_.framework */; };
		D60737F42480F66D00B571AA /* GoogleService-Info.plist in Resources */ = {isa = PBXBuildFile; fileRef = D60737F32480F66D00B571AA /* GoogleService-Info.plist */; };
		D60738102480F87000B571AA /* Extension.swift in Sources */ = {isa = PBXBuildFile; fileRef = D60737F62480F86F00B571AA /* Extension.swift */; };
		D60738122480F87000B571AA /* AppDelegate.swift in Sources */ = {isa = PBXBuildFile; fileRef = D60737F92480F86F00B571AA /* AppDelegate.swift */; };
		D60738132480F87000B571AA /* SceneDelegate.swift in Sources */ = {isa = PBXBuildFile; fileRef = D60737FA2480F86F00B571AA /* SceneDelegate.swift */; };
		D60738152480F87000B571AA /* yugothil.ttf in Resources */ = {isa = PBXBuildFile; fileRef = D60737FD2480F87000B571AA /* yugothil.ttf */; };
		D60738162480F87000B571AA /* 08SeoulNamsanL_0.ttf in Resources */ = {isa = PBXBuildFile; fileRef = D60737FE2480F87000B571AA /* 08SeoulNamsanL_0.ttf */; };
		D60738172480F87000B571AA /* MainViewController.swift in Sources */ = {isa = PBXBuildFile; fileRef = D60738002480F87000B571AA /* MainViewController.swift */; };
		D60738182480F87000B571AA /* StartViewController.swift in Sources */ = {isa = PBXBuildFile; fileRef = D60738012480F87000B571AA /* StartViewController.swift */; };
		D607383124811A6600B571AA /* chooseColor.swift in Sources */ = {isa = PBXBuildFile; fileRef = D607382B24811A6600B571AA /* chooseColor.swift */; };
		D607383224811A6600B571AA /* TaskViewCell.swift in Sources */ = {isa = PBXBuildFile; fileRef = D607382C24811A6600B571AA /* TaskViewCell.swift */; };
		D607383324811A6600B571AA /* Register.xib in Resources */ = {isa = PBXBuildFile; fileRef = D607382D24811A6600B571AA /* Register.xib */; };
		D607383424811A6600B571AA /* Register.swift in Sources */ = {isa = PBXBuildFile; fileRef = D607382E24811A6600B571AA /* Register.swift */; };
		D607383524811A6600B571AA /* TaskViewCell.xib in Resources */ = {isa = PBXBuildFile; fileRef = D607382F24811A6600B571AA /* TaskViewCell.xib */; };
		D607383624811A6600B571AA /* chooseColor.xib in Resources */ = {isa = PBXBuildFile; fileRef = D607383024811A6600B571AA /* chooseColor.xib */; };
		D607383924811A9200B571AA /* LaunchScreen.storyboard in Resources */ = {isa = PBXBuildFile; fileRef = D607383724811A9200B571AA /* LaunchScreen.storyboard */; };
		D607383B24811A9A00B571AA /* Assets.xcassets in Resources */ = {isa = PBXBuildFile; fileRef = D607383A24811A9900B571AA /* Assets.xcassets */; };
		D63E27262481251C00CEC3EE /* Main.storyboard in Resources */ = {isa = PBXBuildFile; fileRef = D63E27252481251C00CEC3EE /* Main.storyboard */; };
/* End PBXBuildFile section */

/* Begin PBXFileReference section */
		A233D7198251F35E5810B8F4 /* Pods_Zadatak_.framework */ = {isa = PBXFileReference; explicitFileType = wrapper.framework; includeInIndex = 0; path = Pods_Zadatak_.framework; sourceTree = BUILT_PRODUCTS_DIR; };
		C0E7FE44B989F78328644D7A /* Pods-Zadatak!.release.xcconfig */ = {isa = PBXFileReference; includeInIndex = 1; lastKnownFileType = text.xcconfig; name = "Pods-Zadatak!.release.xcconfig"; path = "Target Support Files/Pods-Zadatak!/Pods-Zadatak!.release.xcconfig"; sourceTree = "<group>"; };
		D60737DC2480F5D200B571AA /* Zadatak!.app */ = {isa = PBXFileReference; explicitFileType = wrapper.application; includeInIndex = 0; path = "Zadatak!.app"; sourceTree = BUILT_PRODUCTS_DIR; };
		D60737ED2480F5D400B571AA /* Info.plist */ = {isa = PBXFileReference; lastKnownFileType = text.plist.xml; path = Info.plist; sourceTree = "<group>"; };
		D60737F32480F66D00B571AA /* GoogleService-Info.plist */ = {isa = PBXFileReference; fileEncoding = 4; lastKnownFileType = text.plist.xml; name = "GoogleService-Info.plist"; path = "../GoogleService-Info.plist"; sourceTree = "<group>"; };
		D60737F62480F86F00B571AA /* Extension.swift */ = {isa = PBXFileReference; fileEncoding = 4; lastKnownFileType = sourcecode.swift; path = Extension.swift; sourceTree = "<group>"; };
		D60737F92480F86F00B571AA /* AppDelegate.swift */ = {isa = PBXFileReference; fileEncoding = 4; lastKnownFileType = sourcecode.swift; path = AppDelegate.swift; sourceTree = "<group>"; };
		D60737FA2480F86F00B571AA /* SceneDelegate.swift */ = {isa = PBXFileReference; fileEncoding = 4; lastKnownFileType = sourcecode.swift; path = SceneDelegate.swift; sourceTree = "<group>"; };
		D60737FD2480F87000B571AA /* yugothil.ttf */ = {isa = PBXFileReference; lastKnownFileType = file; path = yugothil.ttf; sourceTree = "<group>"; };
		D60737FE2480F87000B571AA /* 08SeoulNamsanL_0.ttf */ = {isa = PBXFileReference; lastKnownFileType = file; path = 08SeoulNamsanL_0.ttf; sourceTree = "<group>"; };
		D60738002480F87000B571AA /* MainViewController.swift */ = {isa = PBXFileReference; fileEncoding = 4; lastKnownFileType = sourcecode.swift; path = MainViewController.swift; sourceTree = "<group>"; };
		D60738012480F87000B571AA /* StartViewController.swift */ = {isa = PBXFileReference; fileEncoding = 4; lastKnownFileType = sourcecode.swift; path = StartViewController.swift; sourceTree = "<group>"; };
		D607382B24811A6600B571AA /* chooseColor.swift */ = {isa = PBXFileReference; fileEncoding = 4; lastKnownFileType = sourcecode.swift; path = chooseColor.swift; sourceTree = "<group>"; };
		D607382C24811A6600B571AA /* TaskViewCell.swift */ = {isa = PBXFileReference; fileEncoding = 4; lastKnownFileType = sourcecode.swift; path = TaskViewCell.swift; sourceTree = "<group>"; };
		D607382D24811A6600B571AA /* Register.xib */ = {isa = PBXFileReference; fileEncoding = 4; lastKnownFileType = file.xib; path = Register.xib; sourceTree = "<group>"; };
		D607382E24811A6600B571AA /* Register.swift */ = {isa = PBXFileReference; fileEncoding = 4; lastKnownFileType = sourcecode.swift; path = Register.swift; sourceTree = "<group>"; };
		D607382F24811A6600B571AA /* TaskViewCell.xib */ = {isa = PBXFileReference; fileEncoding = 4; lastKnownFileType = file.xib; path = TaskViewCell.xib; sourceTree = "<group>"; };
		D607383024811A6600B571AA /* chooseColor.xib */ = {isa = PBXFileReference; fileEncoding = 4; lastKnownFileType = file.xib; path = chooseColor.xib; sourceTree = "<group>"; };
		D607383824811A9200B571AA /* Base */ = {isa = PBXFileReference; lastKnownFileType = file.storyboard; name = Base; path = "Zadatak!/Base.lproj/LaunchScreen.storyboard"; sourceTree = SOURCE_ROOT; };
		D607383A24811A9900B571AA /* Assets.xcassets */ = {isa = PBXFileReference; lastKnownFileType = folder.assetcatalog; name = Assets.xcassets; path = "Zadatak!/Assets.xcassets"; sourceTree = SOURCE_ROOT; };
		D63E27252481251C00CEC3EE /* Main.storyboard */ = {isa = PBXFileReference; lastKnownFileType = file.storyboard; path = Main.storyboard; sourceTree = "<group>"; };
		E6ADC798876042FF5B0348D3 /* Pods-Zadatak!.debug.xcconfig */ = {isa = PBXFileReference; includeInIndex = 1; lastKnownFileType = text.xcconfig; name = "Pods-Zadatak!.debug.xcconfig"; path = "Target Support Files/Pods-Zadatak!/Pods-Zadatak!.debug.xcconfig"; sourceTree = "<group>"; };
/* End PBXFileReference section */

/* Begin PBXFrameworksBuildPhase section */
		D60737D92480F5D200B571AA /* Frameworks */ = {
			isa = PBXFrameworksBuildPhase;
			buildActionMask = 2147483647;
			files = (
				CEFB00E1BB6E6D468F8E7075 /* Pods_Zadatak_.framework in Frameworks */,
			);
			runOnlyForDeploymentPostprocessing = 0;
		};
/* End PBXFrameworksBuildPhase section */

/* Begin PBXGroup section */
		11493D3C6CB0BFC81D2877E8 /* Pods */ = {
			isa = PBXGroup;
			children = (
				E6ADC798876042FF5B0348D3 /* Pods-Zadatak!.debug.xcconfig */,
				C0E7FE44B989F78328644D7A /* Pods-Zadatak!.release.xcconfig */,
			);
			path = Pods;
			sourceTree = "<group>";
		};
		D60737D32480F5D200B571AA = {
			isa = PBXGroup;
			children = (
				D60737DE2480F5D200B571AA /* Zadatak! */,
				D60737DD2480F5D200B571AA /* Products */,
				11493D3C6CB0BFC81D2877E8 /* Pods */,
				F92F1F5C6C6FC52F063731AB /* Frameworks */,
			);
			sourceTree = "<group>";
		};
		D60737DD2480F5D200B571AA /* Products */ = {
			isa = PBXGroup;
			children = (
				D60737DC2480F5D200B571AA /* Zadatak!.app */,
			);
			name = Products;
			sourceTree = "<group>";
		};
		D60737DE2480F5D200B571AA /* Zadatak! */ = {
			isa = PBXGroup;
			children = (
				D60737ED2480F5D400B571AA /* Info.plist */,
				D60737FC2480F87000B571AA /* StaticData */,
				D60737F72480F86F00B571AA /* Supporing File */,
				D60738022480F87000B571AA /* UI */,
				D60737F52480F86F00B571AA /* Util */,
				D60737FF2480F87000B571AA /* VC */,
			);
			path = "Zadatak!";
			sourceTree = "<group>";
		};
		D60737F52480F86F00B571AA /* Util */ = {
			isa = PBXGroup;
			children = (
				D60737F62480F86F00B571AA /* Extension.swift */,
			);
			path = Util;
			sourceTree = "<group>";
		};
		D60737F72480F86F00B571AA /* Supporing File */ = {
			isa = PBXGroup;
			children = (
				D60737F32480F66D00B571AA /* GoogleService-Info.plist */,
				D60737F92480F86F00B571AA /* AppDelegate.swift */,
				D60737FA2480F86F00B571AA /* SceneDelegate.swift */,
			);
			path = "Supporing File";
			sourceTree = "<group>";
		};
		D60737FC2480F87000B571AA /* StaticData */ = {
			isa = PBXGroup;
			children = (
				D60737FD2480F87000B571AA /* yugothil.ttf */,
				D60737FE2480F87000B571AA /* 08SeoulNamsanL_0.ttf */,
			);
			path = StaticData;
			sourceTree = "<group>";
		};
		D60737FF2480F87000B571AA /* VC */ = {
			isa = PBXGroup;
			children = (
				D60738002480F87000B571AA /* MainViewController.swift */,
				D60738012480F87000B571AA /* StartViewController.swift */,
			);
			path = VC;
			sourceTree = "<group>";
		};
		D60738022480F87000B571AA /* UI */ = {
			isa = PBXGroup;
			children = (
				D607383A24811A9900B571AA /* Assets.xcassets */,
				D607382A24811A6600B571AA /* Xib */,
				D607380D2480F87000B571AA /* Base */,
			);
			path = UI;
			sourceTree = "<group>";
		};
		D607380D2480F87000B571AA /* Base */ = {
			isa = PBXGroup;
			children = (
				D607383724811A9200B571AA /* LaunchScreen.storyboard */,
				D63E27252481251C00CEC3EE /* Main.storyboard */,
			);
			name = Base;
			path = Base.lproj/Base;
			sourceTree = "<group>";
		};
		D607382A24811A6600B571AA /* Xib */ = {
			isa = PBXGroup;
			children = (
				D607382B24811A6600B571AA /* chooseColor.swift */,
				D607382C24811A6600B571AA /* TaskViewCell.swift */,
				D607382D24811A6600B571AA /* Register.xib */,
				D607382E24811A6600B571AA /* Register.swift */,
				D607382F24811A6600B571AA /* TaskViewCell.xib */,
				D607383024811A6600B571AA /* chooseColor.xib */,
			);
			name = Xib;
			path = ../../../../../../Desktop/UI/Base.lproj/Xib;
			sourceTree = "<group>";
		};
		F92F1F5C6C6FC52F063731AB /* Frameworks */ = {
			isa = PBXGroup;
			children = (
				A233D7198251F35E5810B8F4 /* Pods_Zadatak_.framework */,
			);
			name = Frameworks;
			sourceTree = "<group>";
		};
/* End PBXGroup section */

/* Begin PBXNativeTarget section */
		D60737DB2480F5D200B571AA /* Zadatak! */ = {
			isa = PBXNativeTarget;
			buildConfigurationList = D60737F02480F5D400B571AA /* Build configuration list for PBXNativeTarget "Zadatak!" */;
			buildPhases = (
				C0524B28CD5864C7FA0FAD06 /* [CP] Check Pods Manifest.lock */,
				D60737D82480F5D200B571AA /* Sources */,
				D60737D92480F5D200B571AA /* Frameworks */,
				D60737DA2480F5D200B571AA /* Resources */,
				07CEF123107D2FF6AF16C287 /* [CP] Embed Pods Frameworks */,
			);
			buildRules = (
			);
			dependencies = (
			);
			name = "Zadatak!";
			productName = "Zadatak!";
			productReference = D60737DC2480F5D200B571AA /* Zadatak!.app */;
			productType = "com.apple.product-type.application";
		};
/* End PBXNativeTarget section */

/* Begin PBXProject section */
		D60737D42480F5D200B571AA /* Project object */ = {
			isa = PBXProject;
			attributes = {
				LastSwiftUpdateCheck = 1150;
				LastUpgradeCheck = 1150;
				ORGANIZATIONNAME = "이현욱";
				TargetAttributes = {
					D60737DB2480F5D200B571AA = {
						CreatedOnToolsVersion = 11.5;
					};
				};
			};
			buildConfigurationList = D60737D72480F5D200B571AA /* Build configuration list for PBXProject "Zadatak!" */;
			compatibilityVersion = "Xcode 9.3";
			developmentRegion = en;
			hasScannedForEncodings = 0;
			knownRegions = (
				en,
				Base,
			);
			mainGroup = D60737D32480F5D200B571AA;
			productRefGroup = D60737DD2480F5D200B571AA /* Products */;
			projectDirPath = "";
			projectRoot = "";
			targets = (
				D60737DB2480F5D200B571AA /* Zadatak! */,
			);
		};
/* End PBXProject section */

/* Begin PBXResourcesBuildPhase section */
		D60737DA2480F5D200B571AA /* Resources */ = {
			isa = PBXResourcesBuildPhase;
			buildActionMask = 2147483647;
			files = (
				D607383324811A6600B571AA /* Register.xib in Resources */,
				D60738162480F87000B571AA /* 08SeoulNamsanL_0.ttf in Resources */,
				D60737F42480F66D00B571AA /* GoogleService-Info.plist in Resources */,
				D607383524811A6600B571AA /* TaskViewCell.xib in Resources */,
				D607383924811A9200B571AA /* LaunchScreen.storyboard in Resources */,
				D607383624811A6600B571AA /* chooseColor.xib in Resources */,
				D63E27262481251C00CEC3EE /* Main.storyboard in Resources */,
				D607383B24811A9A00B571AA /* Assets.xcassets in Resources */,
				D60738152480F87000B571AA /* yugothil.ttf in Resources */,
			);
			runOnlyForDeploymentPostprocessing = 0;
		};
/* End PBXResourcesBuildPhase section */

/* Begin PBXShellScriptBuildPhase section */
		07CEF123107D2FF6AF16C287 /* [CP] Embed Pods Frameworks */ = {
			isa = PBXShellScriptBuildPhase;
			buildActionMask = 2147483647;
			files = (
			);
			inputFileListPaths = (
				"${PODS_ROOT}/Target Support Files/Pods-Zadatak!/Pods-Zadatak!-frameworks-${CONFIGURATION}-input-files.xcfilelist",
			);
			name = "[CP] Embed Pods Frameworks";
			outputFileListPaths = (
				"${PODS_ROOT}/Target Support Files/Pods-Zadatak!/Pods-Zadatak!-frameworks-${CONFIGURATION}-output-files.xcfilelist",
			);
			runOnlyForDeploymentPostprocessing = 0;
			shellPath = /bin/sh;
			shellScript = "\"${PODS_ROOT}/Target Support Files/Pods-Zadatak!/Pods-Zadatak!-frameworks.sh\"\n";
			showEnvVarsInLog = 0;
		};
		C0524B28CD5864C7FA0FAD06 /* [CP] Check Pods Manifest.lock */ = {
			isa = PBXShellScriptBuildPhase;
			buildActionMask = 2147483647;
			files = (
			);
			inputFileListPaths = (
			);
			inputPaths = (
				"${PODS_PODFILE_DIR_PATH}/Podfile.lock",
				"${PODS_ROOT}/Manifest.lock",
			);
			name = "[CP] Check Pods Manifest.lock";
			outputFileListPaths = (
			);
			outputPaths = (
				"$(DERIVED_FILE_DIR)/Pods-Zadatak!-checkManifestLockResult.txt",
			);
			runOnlyForDeploymentPostprocessing = 0;
			shellPath = /bin/sh;
			shellScript = "diff \"${PODS_PODFILE_DIR_PATH}/Podfile.lock\" \"${PODS_ROOT}/Manifest.lock\" > /dev/null\nif [ $? != 0 ] ; then\n    # print error to STDERR\n    echo \"error: The sandbox is not in sync with the Podfile.lock. Run 'pod install' or update your CocoaPods installation.\" >&2\n    exit 1\nfi\n# This output is used by Xcode 'outputs' to avoid re-running this script phase.\necho \"SUCCESS\" > \"${SCRIPT_OUTPUT_FILE_0}\"\n";
			showEnvVarsInLog = 0;
		};
/* End PBXShellScriptBuildPhase section */

/* Begin PBXSourcesBuildPhase section */
		D60737D82480F5D200B571AA /* Sources */ = {
			isa = PBXSourcesBuildPhase;
			buildActionMask = 2147483647;
			files = (
				D60738172480F87000B571AA /* MainViewController.swift in Sources */,
				D607383424811A6600B571AA /* Register.swift in Sources */,
				D60738182480F87000B571AA /* StartViewController.swift in Sources */,
				D607383124811A6600B571AA /* chooseColor.swift in Sources */,
				D60738122480F87000B571AA /* AppDelegate.swift in Sources */,
				D607383224811A6600B571AA /* TaskViewCell.swift in Sources */,
				D60738102480F87000B571AA /* Extension.swift in Sources */,
				D60738132480F87000B571AA /* SceneDelegate.swift in Sources */,
			);
			runOnlyForDeploymentPostprocessing = 0;
		};
/* End PBXSourcesBuildPhase section */

/* Begin PBXVariantGroup section */
		D607383724811A9200B571AA /* LaunchScreen.storyboard */ = {
			isa = PBXVariantGroup;
			children = (
				D607383824811A9200B571AA /* Base */,
			);
			name = LaunchScreen.storyboard;
			sourceTree = "<group>";
		};
/* End PBXVariantGroup section */

/* Begin XCBuildConfiguration section */
		D60737EE2480F5D400B571AA /* Debug */ = {
			isa = XCBuildConfiguration;
			buildSettings = {
				ALWAYS_SEARCH_USER_PATHS = NO;
				CLANG_ANALYZER_NONNULL = YES;
				CLANG_ANALYZER_NUMBER_OBJECT_CONVERSION = YES_AGGRESSIVE;
				CLANG_CXX_LANGUAGE_STANDARD = "gnu++14";
				CLANG_CXX_LIBRARY = "libc++";
				CLANG_ENABLE_MODULES = YES;
				CLANG_ENABLE_OBJC_ARC = YES;
				CLANG_ENABLE_OBJC_WEAK = YES;
				CLANG_WARN_BLOCK_CAPTURE_AUTORELEASING = YES;
				CLANG_WARN_BOOL_CONVERSION = YES;
				CLANG_WARN_COMMA = YES;
				CLANG_WARN_CONSTANT_CONVERSION = YES;
				CLANG_WARN_DEPRECATED_OBJC_IMPLEMENTATIONS = YES;
				CLANG_WARN_DIRECT_OBJC_ISA_USAGE = YES_ERROR;
				CLANG_WARN_DOCUMENTATION_COMMENTS = YES;
				CLANG_WARN_EMPTY_BODY = YES;
				CLANG_WARN_ENUM_CONVERSION = YES;
				CLANG_WARN_INFINITE_RECURSION = YES;
				CLANG_WARN_INT_CONVERSION = YES;
				CLANG_WARN_NON_LITERAL_NULL_CONVERSION = YES;
				CLANG_WARN_OBJC_IMPLICIT_RETAIN_SELF = YES;
				CLANG_WARN_OBJC_LITERAL_CONVERSION = YES;
				CLANG_WARN_OBJC_ROOT_CLASS = YES_ERROR;
				CLANG_WARN_RANGE_LOOP_ANALYSIS = YES;
				CLANG_WARN_STRICT_PROTOTYPES = YES;
				CLANG_WARN_SUSPICIOUS_MOVE = YES;
				CLANG_WARN_UNGUARDED_AVAILABILITY = YES_AGGRESSIVE;
				CLANG_WARN_UNREACHABLE_CODE = YES;
				CLANG_WARN__DUPLICATE_METHOD_MATCH = YES;
				COPY_PHASE_STRIP = NO;
				DEBUG_INFORMATION_FORMAT = dwarf;
				ENABLE_STRICT_OBJC_MSGSEND = YES;
				ENABLE_TESTABILITY = YES;
				GCC_C_LANGUAGE_STANDARD = gnu11;
				GCC_DYNAMIC_NO_PIC = NO;
				GCC_NO_COMMON_BLOCKS = YES;
				GCC_OPTIMIZATION_LEVEL = 0;
				GCC_PREPROCESSOR_DEFINITIONS = (
					"DEBUG=1",
					"$(inherited)",
				);
				GCC_WARN_64_TO_32_BIT_CONVERSION = YES;
				GCC_WARN_ABOUT_RETURN_TYPE = YES_ERROR;
				GCC_WARN_UNDECLARED_SELECTOR = YES;
				GCC_WARN_UNINITIALIZED_AUTOS = YES_AGGRESSIVE;
				GCC_WARN_UNUSED_FUNCTION = YES;
				GCC_WARN_UNUSED_VARIABLE = YES;
				IPHONEOS_DEPLOYMENT_TARGET = 13.5;
				MTL_ENABLE_DEBUG_INFO = INCLUDE_SOURCE;
				MTL_FAST_MATH = YES;
				ONLY_ACTIVE_ARCH = YES;
				SDKROOT = iphoneos;
				SWIFT_ACTIVE_COMPILATION_CONDITIONS = DEBUG;
				SWIFT_OPTIMIZATION_LEVEL = "-Onone";
			};
			name = Debug;
		};
		D60737EF2480F5D400B571AA /* Release */ = {
			isa = XCBuildConfiguration;
			buildSettings = {
				ALWAYS_SEARCH_USER_PATHS = NO;
				CLANG_ANALYZER_NONNULL = YES;
				CLANG_ANALYZER_NUMBER_OBJECT_CONVERSION = YES_AGGRESSIVE;
				CLANG_CXX_LANGUAGE_STANDARD = "gnu++14";
				CLANG_CXX_LIBRARY = "libc++";
				CLANG_ENABLE_MODULES = YES;
				CLANG_ENABLE_OBJC_ARC = YES;
				CLANG_ENABLE_OBJC_WEAK = YES;
				CLANG_WARN_BLOCK_CAPTURE_AUTORELEASING = YES;
				CLANG_WARN_BOOL_CONVERSION = YES;
				CLANG_WARN_COMMA = YES;
				CLANG_WARN_CONSTANT_CONVERSION = YES;
				CLANG_WARN_DEPRECATED_OBJC_IMPLEMENTATIONS = YES;
				CLANG_WARN_DIRECT_OBJC_ISA_USAGE = YES_ERROR;
				CLANG_WARN_DOCUMENTATION_COMMENTS = YES;
				CLANG_WARN_EMPTY_BODY = YES;
				CLANG_WARN_ENUM_CONVERSION = YES;
				CLANG_WARN_INFINITE_RECURSION = YES;
				CLANG_WARN_INT_CONVERSION = YES;
				CLANG_WARN_NON_LITERAL_NULL_CONVERSION = YES;
				CLANG_WARN_OBJC_IMPLICIT_RETAIN_SELF = YES;
				CLANG_WARN_OBJC_LITERAL_CONVERSION = YES;
				CLANG_WARN_OBJC_ROOT_CLASS = YES_ERROR;
				CLANG_WARN_RANGE_LOOP_ANALYSIS = YES;
				CLANG_WARN_STRICT_PROTOTYPES = YES;
				CLANG_WARN_SUSPICIOUS_MOVE = YES;
				CLANG_WARN_UNGUARDED_AVAILABILITY = YES_AGGRESSIVE;
				CLANG_WARN_UNREACHABLE_CODE = YES;
				CLANG_WARN__DUPLICATE_METHOD_MATCH = YES;
				COPY_PHASE_STRIP = NO;
				DEBUG_INFORMATION_FORMAT = "dwarf-with-dsym";
				ENABLE_NS_ASSERTIONS = NO;
				ENABLE_STRICT_OBJC_MSGSEND = YES;
				GCC_C_LANGUAGE_STANDARD = gnu11;
				GCC_NO_COMMON_BLOCKS = YES;
				GCC_WARN_64_TO_32_BIT_CONVERSION = YES;
				GCC_WARN_ABOUT_RETURN_TYPE = YES_ERROR;
				GCC_WARN_UNDECLARED_SELECTOR = YES;
				GCC_WARN_UNINITIALIZED_AUTOS = YES_AGGRESSIVE;
				GCC_WARN_UNUSED_FUNCTION = YES;
				GCC_WARN_UNUSED_VARIABLE = YES;
				IPHONEOS_DEPLOYMENT_TARGET = 13.5;
				MTL_ENABLE_DEBUG_INFO = NO;
				MTL_FAST_MATH = YES;
				SDKROOT = iphoneos;
				SWIFT_COMPILATION_MODE = wholemodule;
				SWIFT_OPTIMIZATION_LEVEL = "-O";
				VALIDATE_PRODUCT = YES;
			};
			name = Release;
		};
		D60737F12480F5D400B571AA /* Debug */ = {
			isa = XCBuildConfiguration;
			baseConfigurationReference = E6ADC798876042FF5B0348D3 /* Pods-Zadatak!.debug.xcconfig */;
			buildSettings = {
				ASSETCATALOG_COMPILER_APPICON_NAME = AppIcon;
				CODE_SIGN_STYLE = Automatic;
				DEVELOPMENT_TEAM = D49753ZB3N;
				INFOPLIST_FILE = "Zadatak!/Info.plist";
				LD_RUNPATH_SEARCH_PATHS = (
					"$(inherited)",
					"@executable_path/Frameworks",
				);
				PRODUCT_BUNDLE_IDENTIFIER = "test.Zadatak-";
				PRODUCT_NAME = "$(TARGET_NAME)";
				SWIFT_VERSION = 5.0;
				TARGETED_DEVICE_FAMILY = "1,2";
			};
			name = Debug;
		};
		D60737F22480F5D400B571AA /* Release */ = {
			isa = XCBuildConfiguration;
			baseConfigurationReference = C0E7FE44B989F78328644D7A /* Pods-Zadatak!.release.xcconfig */;
			buildSettings = {
				ASSETCATALOG_COMPILER_APPICON_NAME = AppIcon;
				CODE_SIGN_STYLE = Automatic;
				DEVELOPMENT_TEAM = D49753ZB3N;
				INFOPLIST_FILE = "Zadatak!/Info.plist";
				LD_RUNPATH_SEARCH_PATHS = (
					"$(inherited)",
					"@executable_path/Frameworks",
				);
				PRODUCT_BUNDLE_IDENTIFIER = "test.Zadatak-";
				PRODUCT_NAME = "$(TARGET_NAME)";
				SWIFT_VERSION = 5.0;
				TARGETED_DEVICE_FAMILY = "1,2";
			};
			name = Release;
		};
/* End XCBuildConfiguration section */

/* Begin XCConfigurationList section */
		D60737D72480F5D200B571AA /* Build configuration list for PBXProject "Zadatak!" */ = {
			isa = XCConfigurationList;
			buildConfigurations = (
				D60737EE2480F5D400B571AA /* Debug */,
				D60737EF2480F5D400B571AA /* Release */,
			);
			defaultConfigurationIsVisible = 0;
			defaultConfigurationName = Release;
		};
		D60737F02480F5D400B571AA /* Build configuration list for PBXNativeTarget "Zadatak!" */ = {
			isa = XCConfigurationList;
			buildConfigurations = (
				D60737F12480F5D400B571AA /* Debug */,
				D60737F22480F5D400B571AA /* Release */,
			);
			defaultConfigurationIsVisible = 0;
			defaultConfigurationName = Release;
		};
/* End XCConfigurationList section */
	};
	rootObject = D60737D42480F5D200B571AA /* Project object */;
}
