// !$*UTF8*$!
{
	archiveVersion = 1;
	classes = {
	};
	objectVersion = 51;
	objects = {

/* Begin PBXBuildFile section */
		8D2D76C7EFCECC3DF7715242 /* Pods_Zadatak_.framework in Frameworks */ = {isa = PBXBuildFile; fileRef = 82F8D4A30705ED2475CAD215 /* Pods_Zadatak_.framework */; };
		D644619223AB85F00032DED8 /* 08SeoulNamsanL_0.ttf in Resources */ = {isa = PBXBuildFile; fileRef = D644619123AB85F00032DED8 /* 08SeoulNamsanL_0.ttf */; };
		D66BFC29238FE2E5009BB35A /* MainViewController.swift in Sources */ = {isa = PBXBuildFile; fileRef = D66BFC28238FE2E5009BB35A /* MainViewController.swift */; };
		D696BB9823BF85CD004ECD8A /* Extension.swift in Sources */ = {isa = PBXBuildFile; fileRef = D696BB9723BF85CD004ECD8A /* Extension.swift */; };
		D696BB9B23BF88AA004ECD8A /* TaskViewCell.swift in Sources */ = {isa = PBXBuildFile; fileRef = D696BB9923BF88AA004ECD8A /* TaskViewCell.swift */; };
		D696BB9C23BF88AA004ECD8A /* TaskViewCell.xib in Resources */ = {isa = PBXBuildFile; fileRef = D696BB9A23BF88AA004ECD8A /* TaskViewCell.xib */; };
		D696BB9D23C0C49F004ECD8A /* Register.xib in Resources */ = {isa = PBXBuildFile; fileRef = D696BB9F23C0C49F004ECD8A /* Register.xib */; };
		D6B02BEA238E9597006BD333 /* Register.swift in Sources */ = {isa = PBXBuildFile; fileRef = D6B02BE8238E9597006BD333 /* Register.swift */; };
		D6D945BE2387F48D00E773C4 /* AppDelegate.swift in Sources */ = {isa = PBXBuildFile; fileRef = D6D945BD2387F48D00E773C4 /* AppDelegate.swift */; };
		D6D945C02387F48D00E773C4 /* SceneDelegate.swift in Sources */ = {isa = PBXBuildFile; fileRef = D6D945BF2387F48D00E773C4 /* SceneDelegate.swift */; };
		D6D945C22387F48D00E773C4 /* StartViewController.swift in Sources */ = {isa = PBXBuildFile; fileRef = D6D945C12387F48D00E773C4 /* StartViewController.swift */; };
		D6D945C72387F49000E773C4 /* Assets.xcassets in Resources */ = {isa = PBXBuildFile; fileRef = D6D945C62387F49000E773C4 /* Assets.xcassets */; };
		D6D945CA2387F49000E773C4 /* LaunchScreen.storyboard in Resources */ = {isa = PBXBuildFile; fileRef = D6D945C82387F49000E773C4 /* LaunchScreen.storyboard */; };
		D6D945D22387F5F000E773C4 /* GoogleService-Info.plist in Resources */ = {isa = PBXBuildFile; fileRef = D6D945D12387F5F000E773C4 /* GoogleService-Info.plist */; };
		D6D945E02387F77D00E773C4 /* Main.storyboard in Resources */ = {isa = PBXBuildFile; fileRef = D6D945DF2387F77D00E773C4 /* Main.storyboard */; };
		D6D945F12388CC8B00E773C4 /* yugothil.ttf in Resources */ = {isa = PBXBuildFile; fileRef = D6D945F02388CC8B00E773C4 /* yugothil.ttf */; };
		D6F252BC23901436000E59E8 /* chooseColor.swift in Sources */ = {isa = PBXBuildFile; fileRef = D6F252BB23901436000E59E8 /* chooseColor.swift */; };
		D6F252BE23901441000E59E8 /* chooseColor.xib in Resources */ = {isa = PBXBuildFile; fileRef = D6F252BD23901441000E59E8 /* chooseColor.xib */; };
/* End PBXBuildFile section */

/* Begin PBXFileReference section */
		30635C1101F53440A578909F /* Pods-Zadatak!.debug.xcconfig */ = {isa = PBXFileReference; includeInIndex = 1; lastKnownFileType = text.xcconfig; name = "Pods-Zadatak!.debug.xcconfig"; path = "Target Support Files/Pods-Zadatak!/Pods-Zadatak!.debug.xcconfig"; sourceTree = "<group>"; };
		6878ED7DD7C243F8FBAC9AC0 /* Pods-Zadatak!.release.xcconfig */ = {isa = PBXFileReference; includeInIndex = 1; lastKnownFileType = text.xcconfig; name = "Pods-Zadatak!.release.xcconfig"; path = "Target Support Files/Pods-Zadatak!/Pods-Zadatak!.release.xcconfig"; sourceTree = "<group>"; };
		82F8D4A30705ED2475CAD215 /* Pods_Zadatak_.framework */ = {isa = PBXFileReference; explicitFileType = wrapper.framework; includeInIndex = 0; path = Pods_Zadatak_.framework; sourceTree = BUILT_PRODUCTS_DIR; };
		D644619123AB85F00032DED8 /* 08SeoulNamsanL_0.ttf */ = {isa = PBXFileReference; lastKnownFileType = file; path = 08SeoulNamsanL_0.ttf; sourceTree = "<group>"; };
		D66BFC28238FE2E5009BB35A /* MainViewController.swift */ = {isa = PBXFileReference; lastKnownFileType = sourcecode.swift; path = MainViewController.swift; sourceTree = "<group>"; };
		D696BB9723BF85CD004ECD8A /* Extension.swift */ = {isa = PBXFileReference; lastKnownFileType = sourcecode.swift; path = Extension.swift; sourceTree = "<group>"; };
		D696BB9923BF88AA004ECD8A /* TaskViewCell.swift */ = {isa = PBXFileReference; lastKnownFileType = sourcecode.swift; path = TaskViewCell.swift; sourceTree = "<group>"; };
		D696BB9A23BF88AA004ECD8A /* TaskViewCell.xib */ = {isa = PBXFileReference; lastKnownFileType = file.xib; path = TaskViewCell.xib; sourceTree = "<group>"; };
		D696BB9E23C0C49F004ECD8A /* Base */ = {isa = PBXFileReference; lastKnownFileType = file.xib; name = Base; path = Base.lproj/Register.xib; sourceTree = "<group>"; };
		D6B02BE8238E9597006BD333 /* Register.swift */ = {isa = PBXFileReference; lastKnownFileType = sourcecode.swift; path = Register.swift; sourceTree = "<group>"; };
		D6D945BA2387F48D00E773C4 /* Zadatak!.app */ = {isa = PBXFileReference; explicitFileType = wrapper.application; includeInIndex = 0; path = "Zadatak!.app"; sourceTree = BUILT_PRODUCTS_DIR; };
		D6D945BD2387F48D00E773C4 /* AppDelegate.swift */ = {isa = PBXFileReference; lastKnownFileType = sourcecode.swift; path = AppDelegate.swift; sourceTree = "<group>"; };
		D6D945BF2387F48D00E773C4 /* SceneDelegate.swift */ = {isa = PBXFileReference; lastKnownFileType = sourcecode.swift; path = SceneDelegate.swift; sourceTree = "<group>"; };
		D6D945C12387F48D00E773C4 /* StartViewController.swift */ = {isa = PBXFileReference; lastKnownFileType = sourcecode.swift; path = StartViewController.swift; sourceTree = "<group>"; };
		D6D945C62387F49000E773C4 /* Assets.xcassets */ = {isa = PBXFileReference; lastKnownFileType = folder.assetcatalog; path = Assets.xcassets; sourceTree = "<group>"; };
		D6D945C92387F49000E773C4 /* Base */ = {isa = PBXFileReference; lastKnownFileType = file.storyboard; name = Base; path = Base.lproj/LaunchScreen.storyboard; sourceTree = "<group>"; };
		D6D945CB2387F49000E773C4 /* Info.plist */ = {isa = PBXFileReference; lastKnownFileType = text.plist.xml; path = Info.plist; sourceTree = "<group>"; };
		D6D945D12387F5F000E773C4 /* GoogleService-Info.plist */ = {isa = PBXFileReference; fileEncoding = 4; lastKnownFileType = text.plist.xml; path = "GoogleService-Info.plist"; sourceTree = "<group>"; };
		D6D945DF2387F77D00E773C4 /* Main.storyboard */ = {isa = PBXFileReference; fileEncoding = 4; lastKnownFileType = file.storyboard; path = Main.storyboard; sourceTree = "<group>"; };
		D6D945F02388CC8B00E773C4 /* yugothil.ttf */ = {isa = PBXFileReference; lastKnownFileType = file; path = yugothil.ttf; sourceTree = "<group>"; };
		D6F252BB23901436000E59E8 /* chooseColor.swift */ = {isa = PBXFileReference; lastKnownFileType = sourcecode.swift; path = chooseColor.swift; sourceTree = "<group>"; };
		D6F252BD23901441000E59E8 /* chooseColor.xib */ = {isa = PBXFileReference; lastKnownFileType = file.xib; path = chooseColor.xib; sourceTree = "<group>"; };
/* End PBXFileReference section */

/* Begin PBXFrameworksBuildPhase section */
		D6D945B72387F48D00E773C4 /* Frameworks */ = {
			isa = PBXFrameworksBuildPhase;
			buildActionMask = 2147483647;
			files = (
				8D2D76C7EFCECC3DF7715242 /* Pods_Zadatak_.framework in Frameworks */,
			);
			runOnlyForDeploymentPostprocessing = 0;
		};
/* End PBXFrameworksBuildPhase section */

/* Begin PBXGroup section */
		1B44C4D42E9180B1B53A9081 /* Frameworks */ = {
			isa = PBXGroup;
			children = (
				82F8D4A30705ED2475CAD215 /* Pods_Zadatak_.framework */,
			);
			name = Frameworks;
			sourceTree = "<group>";
		};
		8ED8483CB70D3A92011D8C8C /* Pods */ = {
			isa = PBXGroup;
			children = (
				30635C1101F53440A578909F /* Pods-Zadatak!.debug.xcconfig */,
				6878ED7DD7C243F8FBAC9AC0 /* Pods-Zadatak!.release.xcconfig */,
			);
			path = Pods;
			sourceTree = "<group>";
		};
		D6B02BE7238E93A7006BD333 /* Supporing File */ = {
			isa = PBXGroup;
			children = (
				D6D945BF2387F48D00E773C4 /* SceneDelegate.swift */,
				D6D945BD2387F48D00E773C4 /* AppDelegate.swift */,
				D6D945D12387F5F000E773C4 /* GoogleService-Info.plist */,
			);
			name = "Supporing File";
			path = ..;
			sourceTree = "<group>";
		};
		D6D945B12387F48D00E773C4 = {
			isa = PBXGroup;
			children = (
				D6D945BC2387F48D00E773C4 /* Zadatak! */,
				D6D945BB2387F48D00E773C4 /* Products */,
				8ED8483CB70D3A92011D8C8C /* Pods */,
				1B44C4D42E9180B1B53A9081 /* Frameworks */,
			);
			sourceTree = "<group>";
		};
		D6D945BB2387F48D00E773C4 /* Products */ = {
			isa = PBXGroup;
			children = (
				D6D945BA2387F48D00E773C4 /* Zadatak!.app */,
			);
			name = Products;
			sourceTree = "<group>";
		};
		D6D945BC2387F48D00E773C4 /* Zadatak! */ = {
			isa = PBXGroup;
			children = (
				D6D945CB2387F49000E773C4 /* Info.plist */,
				D6B02BE7238E93A7006BD333 /* Supporing File */,
				D6D945ED2388CC5A00E773C4 /* StaticData */,
				D6D945EA2388CBA000E773C4 /* Model */,
				D6D945E82388CB9200E773C4 /* Util */,
				D6D945E92388CB9800E773C4 /* VC */,
				D6D945E72388CB8300E773C4 /* UI */,
			);
			path = "Zadatak!";
			sourceTree = "<group>";
		};
		D6D945E72388CB8300E773C4 /* UI */ = {
			isa = PBXGroup;
			children = (
				D6D945C62387F49000E773C4 /* Assets.xcassets */,
				D6F252BA239013F2000E59E8 /* Xib */,
				D6D945EB2388CBF900E773C4 /* Base */,
			);
			name = UI;
			path = ..;
			sourceTree = "<group>";
		};
		D6D945E82388CB9200E773C4 /* Util */ = {
			isa = PBXGroup;
			children = (
				D696BB9723BF85CD004ECD8A /* Extension.swift */,
			);
			name = Util;
			path = ..;
			sourceTree = "<group>";
		};
		D6D945E92388CB9800E773C4 /* VC */ = {
			isa = PBXGroup;
			children = (
				D6D945C12387F48D00E773C4 /* StartViewController.swift */,
				D66BFC28238FE2E5009BB35A /* MainViewController.swift */,
			);
			name = VC;
			path = ..;
			sourceTree = "<group>";
		};
		D6D945EA2388CBA000E773C4 /* Model */ = {
			isa = PBXGroup;
			children = (
			);
			name = Model;
			path = ..;
			sourceTree = "<group>";
		};
		D6D945EB2388CBF900E773C4 /* Base */ = {
			isa = PBXGroup;
			children = (
				D6D945C82387F49000E773C4 /* LaunchScreen.storyboard */,
				D6D945DF2387F77D00E773C4 /* Main.storyboard */,
			);
			name = Base;
			sourceTree = "<group>";
		};
		D6D945ED2388CC5A00E773C4 /* StaticData */ = {
			isa = PBXGroup;
			children = (
				D644619123AB85F00032DED8 /* 08SeoulNamsanL_0.ttf */,
				D6D945F02388CC8B00E773C4 /* yugothil.ttf */,
			);
			name = StaticData;
			path = ..;
			sourceTree = "<group>";
		};
		D6F252BA239013F2000E59E8 /* Xib */ = {
			isa = PBXGroup;
			children = (
				D696BB9F23C0C49F004ECD8A /* Register.xib */,
				D6B02BE8238E9597006BD333 /* Register.swift */,
				D6F252BD23901441000E59E8 /* chooseColor.xib */,
				D6F252BB23901436000E59E8 /* chooseColor.swift */,
				D696BB9923BF88AA004ECD8A /* TaskViewCell.swift */,
				D696BB9A23BF88AA004ECD8A /* TaskViewCell.xib */,
			);
			path = Xib;
			sourceTree = "<group>";
		};
/* End PBXGroup section */

/* Begin PBXNativeTarget section */
		D6D945B92387F48D00E773C4 /* Zadatak! */ = {
			isa = PBXNativeTarget;
			buildConfigurationList = D6D945CE2387F49000E773C4 /* Build configuration list for PBXNativeTarget "Zadatak!" */;
			buildPhases = (
				3721CC98F84DC540DC9EE455 /* [CP] Check Pods Manifest.lock */,
				D6D945B62387F48D00E773C4 /* Sources */,
				D6D945B72387F48D00E773C4 /* Frameworks */,
				D6D945B82387F48D00E773C4 /* Resources */,
				F6E37C3257DFB5ABD307F26D /* [CP] Embed Pods Frameworks */,
			);
			buildRules = (
			);
			dependencies = (
			);
			name = "Zadatak!";
			productName = "Zadatak!";
			productReference = D6D945BA2387F48D00E773C4 /* Zadatak!.app */;
			productType = "com.apple.product-type.application";
		};
/* End PBXNativeTarget section */

/* Begin PBXProject section */
		D6D945B22387F48D00E773C4 /* Project object */ = {
			isa = PBXProject;
			attributes = {
				LastSwiftUpdateCheck = 1110;
				LastUpgradeCheck = 1110;
				ORGANIZATIONNAME = "이현욱";
				TargetAttributes = {
					D6D945B92387F48D00E773C4 = {
						CreatedOnToolsVersion = 11.1;
					};
				};
			};
			buildConfigurationList = D6D945B52387F48D00E773C4 /* Build configuration list for PBXProject "Zadatak!" */;
			compatibilityVersion = "Xcode 9.3";
			developmentRegion = en;
			hasScannedForEncodings = 0;
			knownRegions = (
				en,
				Base,
			);
			mainGroup = D6D945B12387F48D00E773C4;
			productRefGroup = D6D945BB2387F48D00E773C4 /* Products */;
			projectDirPath = "";
			projectRoot = "";
			targets = (
				D6D945B92387F48D00E773C4 /* Zadatak! */,
			);
		};
/* End PBXProject section */

/* Begin PBXResourcesBuildPhase section */
		D6D945B82387F48D00E773C4 /* Resources */ = {
			isa = PBXResourcesBuildPhase;
			buildActionMask = 2147483647;
			files = (
				D6D945CA2387F49000E773C4 /* LaunchScreen.storyboard in Resources */,
				D644619223AB85F00032DED8 /* 08SeoulNamsanL_0.ttf in Resources */,
				D696BB9C23BF88AA004ECD8A /* TaskViewCell.xib in Resources */,
				D6D945D22387F5F000E773C4 /* GoogleService-Info.plist in Resources */,
				D696BB9D23C0C49F004ECD8A /* Register.xib in Resources */,
				D6F252BE23901441000E59E8 /* chooseColor.xib in Resources */,
				D6D945F12388CC8B00E773C4 /* yugothil.ttf in Resources */,
				D6D945E02387F77D00E773C4 /* Main.storyboard in Resources */,
				D6D945C72387F49000E773C4 /* Assets.xcassets in Resources */,
			);
			runOnlyForDeploymentPostprocessing = 0;
		};
/* End PBXResourcesBuildPhase section */

/* Begin PBXShellScriptBuildPhase section */
		3721CC98F84DC540DC9EE455 /* [CP] Check Pods Manifest.lock */ = {
			isa = PBXShellScriptBuildPhase;
			buildActionMask = 2147483647;
			files = (
			);
			inputFileListPaths = (
			);
			inputPaths = (
				"${PODS_PODFILE_DIR_PATH}/Podfile.lock",
				"${PODS_ROOT}/Manifest.lock",
			);
			name = "[CP] Check Pods Manifest.lock";
			outputFileListPaths = (
			);
			outputPaths = (
				"$(DERIVED_FILE_DIR)/Pods-Zadatak!-checkManifestLockResult.txt",
			);
			runOnlyForDeploymentPostprocessing = 0;
			shellPath = /bin/sh;
			shellScript = "diff \"${PODS_PODFILE_DIR_PATH}/Podfile.lock\" \"${PODS_ROOT}/Manifest.lock\" > /dev/null\nif [ $? != 0 ] ; then\n    # print error to STDERR\n    echo \"error: The sandbox is not in sync with the Podfile.lock. Run 'pod install' or update your CocoaPods installation.\" >&2\n    exit 1\nfi\n# This output is used by Xcode 'outputs' to avoid re-running this script phase.\necho \"SUCCESS\" > \"${SCRIPT_OUTPUT_FILE_0}\"\n";
			showEnvVarsInLog = 0;
		};
		F6E37C3257DFB5ABD307F26D /* [CP] Embed Pods Frameworks */ = {
			isa = PBXShellScriptBuildPhase;
			buildActionMask = 2147483647;
			files = (
			);
			inputFileListPaths = (
				"${PODS_ROOT}/Target Support Files/Pods-Zadatak!/Pods-Zadatak!-frameworks-${CONFIGURATION}-input-files.xcfilelist",
			);
			name = "[CP] Embed Pods Frameworks";
			outputFileListPaths = (
				"${PODS_ROOT}/Target Support Files/Pods-Zadatak!/Pods-Zadatak!-frameworks-${CONFIGURATION}-output-files.xcfilelist",
			);
			runOnlyForDeploymentPostprocessing = 0;
			shellPath = /bin/sh;
			shellScript = "\"${PODS_ROOT}/Target Support Files/Pods-Zadatak!/Pods-Zadatak!-frameworks.sh\"\n";
			showEnvVarsInLog = 0;
		};
/* End PBXShellScriptBuildPhase section */

/* Begin PBXSourcesBuildPhase section */
		D6D945B62387F48D00E773C4 /* Sources */ = {
			isa = PBXSourcesBuildPhase;
			buildActionMask = 2147483647;
			files = (
				D6B02BEA238E9597006BD333 /* Register.swift in Sources */,
				D696BB9823BF85CD004ECD8A /* Extension.swift in Sources */,
				D6D945C22387F48D00E773C4 /* StartViewController.swift in Sources */,
				D696BB9B23BF88AA004ECD8A /* TaskViewCell.swift in Sources */,
				D66BFC29238FE2E5009BB35A /* MainViewController.swift in Sources */,
				D6D945BE2387F48D00E773C4 /* AppDelegate.swift in Sources */,
				D6F252BC23901436000E59E8 /* chooseColor.swift in Sources */,
				D6D945C02387F48D00E773C4 /* SceneDelegate.swift in Sources */,
			);
			runOnlyForDeploymentPostprocessing = 0;
		};
/* End PBXSourcesBuildPhase section */

/* Begin PBXVariantGroup section */
		D696BB9F23C0C49F004ECD8A /* Register.xib */ = {
			isa = PBXVariantGroup;
			children = (
				D696BB9E23C0C49F004ECD8A /* Base */,
			);
			name = Register.xib;
			sourceTree = "<group>";
		};
		D6D945C82387F49000E773C4 /* LaunchScreen.storyboard */ = {
			isa = PBXVariantGroup;
			children = (
				D6D945C92387F49000E773C4 /* Base */,
			);
			name = LaunchScreen.storyboard;
			sourceTree = "<group>";
		};
/* End PBXVariantGroup section */

/* Begin XCBuildConfiguration section */
		D6D945CC2387F49000E773C4 /* Debug */ = {
			isa = XCBuildConfiguration;
			buildSettings = {
				ALWAYS_SEARCH_USER_PATHS = NO;
				CLANG_ANALYZER_NONNULL = YES;
				CLANG_ANALYZER_NUMBER_OBJECT_CONVERSION = YES_AGGRESSIVE;
				CLANG_CXX_LANGUAGE_STANDARD = "gnu++14";
				CLANG_CXX_LIBRARY = "libc++";
				CLANG_ENABLE_MODULES = YES;
				CLANG_ENABLE_OBJC_ARC = YES;
				CLANG_ENABLE_OBJC_WEAK = YES;
				CLANG_WARN_BLOCK_CAPTURE_AUTORELEASING = YES;
				CLANG_WARN_BOOL_CONVERSION = YES;
				CLANG_WARN_COMMA = YES;
				CLANG_WARN_CONSTANT_CONVERSION = YES;
				CLANG_WARN_DEPRECATED_OBJC_IMPLEMENTATIONS = YES;
				CLANG_WARN_DIRECT_OBJC_ISA_USAGE = YES_ERROR;
				CLANG_WARN_DOCUMENTATION_COMMENTS = YES;
				CLANG_WARN_EMPTY_BODY = YES;
				CLANG_WARN_ENUM_CONVERSION = YES;
				CLANG_WARN_INFINITE_RECURSION = YES;
				CLANG_WARN_INT_CONVERSION = YES;
				CLANG_WARN_NON_LITERAL_NULL_CONVERSION = YES;
				CLANG_WARN_OBJC_IMPLICIT_RETAIN_SELF = YES;
				CLANG_WARN_OBJC_LITERAL_CONVERSION = YES;
				CLANG_WARN_OBJC_ROOT_CLASS = YES_ERROR;
				CLANG_WARN_RANGE_LOOP_ANALYSIS = YES;
				CLANG_WARN_STRICT_PROTOTYPES = YES;
				CLANG_WARN_SUSPICIOUS_MOVE = YES;
				CLANG_WARN_UNGUARDED_AVAILABILITY = YES_AGGRESSIVE;
				CLANG_WARN_UNREACHABLE_CODE = YES;
				CLANG_WARN__DUPLICATE_METHOD_MATCH = YES;
				COPY_PHASE_STRIP = NO;
				DEBUG_INFORMATION_FORMAT = dwarf;
				ENABLE_STRICT_OBJC_MSGSEND = YES;
				ENABLE_TESTABILITY = YES;
				GCC_C_LANGUAGE_STANDARD = gnu11;
				GCC_DYNAMIC_NO_PIC = NO;
				GCC_NO_COMMON_BLOCKS = YES;
				GCC_OPTIMIZATION_LEVEL = 0;
				GCC_PREPROCESSOR_DEFINITIONS = (
					"DEBUG=1",
					"$(inherited)",
				);
				GCC_WARN_64_TO_32_BIT_CONVERSION = YES;
				GCC_WARN_ABOUT_RETURN_TYPE = YES_ERROR;
				GCC_WARN_UNDECLARED_SELECTOR = YES;
				GCC_WARN_UNINITIALIZED_AUTOS = YES_AGGRESSIVE;
				GCC_WARN_UNUSED_FUNCTION = YES;
				GCC_WARN_UNUSED_VARIABLE = YES;
				IPHONEOS_DEPLOYMENT_TARGET = 13.1;
				MTL_ENABLE_DEBUG_INFO = INCLUDE_SOURCE;
				MTL_FAST_MATH = YES;
				ONLY_ACTIVE_ARCH = YES;
				SDKROOT = iphoneos;
				SWIFT_ACTIVE_COMPILATION_CONDITIONS = DEBUG;
				SWIFT_OPTIMIZATION_LEVEL = "-Onone";
			};
			name = Debug;
		};
		D6D945CD2387F49000E773C4 /* Release */ = {
			isa = XCBuildConfiguration;
			buildSettings = {
				ALWAYS_SEARCH_USER_PATHS = NO;
				CLANG_ANALYZER_NONNULL = YES;
				CLANG_ANALYZER_NUMBER_OBJECT_CONVERSION = YES_AGGRESSIVE;
				CLANG_CXX_LANGUAGE_STANDARD = "gnu++14";
				CLANG_CXX_LIBRARY = "libc++";
				CLANG_ENABLE_MODULES = YES;
				CLANG_ENABLE_OBJC_ARC = YES;
				CLANG_ENABLE_OBJC_WEAK = YES;
				CLANG_WARN_BLOCK_CAPTURE_AUTORELEASING = YES;
				CLANG_WARN_BOOL_CONVERSION = YES;
				CLANG_WARN_COMMA = YES;
				CLANG_WARN_CONSTANT_CONVERSION = YES;
				CLANG_WARN_DEPRECATED_OBJC_IMPLEMENTATIONS = YES;
				CLANG_WARN_DIRECT_OBJC_ISA_USAGE = YES_ERROR;
				CLANG_WARN_DOCUMENTATION_COMMENTS = YES;
				CLANG_WARN_EMPTY_BODY = YES;
				CLANG_WARN_ENUM_CONVERSION = YES;
				CLANG_WARN_INFINITE_RECURSION = YES;
				CLANG_WARN_INT_CONVERSION = YES;
				CLANG_WARN_NON_LITERAL_NULL_CONVERSION = YES;
				CLANG_WARN_OBJC_IMPLICIT_RETAIN_SELF = YES;
				CLANG_WARN_OBJC_LITERAL_CONVERSION = YES;
				CLANG_WARN_OBJC_ROOT_CLASS = YES_ERROR;
				CLANG_WARN_RANGE_LOOP_ANALYSIS = YES;
				CLANG_WARN_STRICT_PROTOTYPES = YES;
				CLANG_WARN_SUSPICIOUS_MOVE = YES;
				CLANG_WARN_UNGUARDED_AVAILABILITY = YES_AGGRESSIVE;
				CLANG_WARN_UNREACHABLE_CODE = YES;
				CLANG_WARN__DUPLICATE_METHOD_MATCH = YES;
				COPY_PHASE_STRIP = NO;
				DEBUG_INFORMATION_FORMAT = "dwarf-with-dsym";
				ENABLE_NS_ASSERTIONS = NO;
				ENABLE_STRICT_OBJC_MSGSEND = YES;
				GCC_C_LANGUAGE_STANDARD = gnu11;
				GCC_NO_COMMON_BLOCKS = YES;
				GCC_WARN_64_TO_32_BIT_CONVERSION = YES;
				GCC_WARN_ABOUT_RETURN_TYPE = YES_ERROR;
				GCC_WARN_UNDECLARED_SELECTOR = YES;
				GCC_WARN_UNINITIALIZED_AUTOS = YES_AGGRESSIVE;
				GCC_WARN_UNUSED_FUNCTION = YES;
				GCC_WARN_UNUSED_VARIABLE = YES;
				IPHONEOS_DEPLOYMENT_TARGET = 13.1;
				MTL_ENABLE_DEBUG_INFO = NO;
				MTL_FAST_MATH = YES;
				SDKROOT = iphoneos;
				SWIFT_COMPILATION_MODE = wholemodule;
				SWIFT_OPTIMIZATION_LEVEL = "-O";
				VALIDATE_PRODUCT = YES;
			};
			name = Release;
		};
		D6D945CF2387F49000E773C4 /* Debug */ = {
			isa = XCBuildConfiguration;
			baseConfigurationReference = 30635C1101F53440A578909F /* Pods-Zadatak!.debug.xcconfig */;
			buildSettings = {
				ASSETCATALOG_COMPILER_APPICON_NAME = AppIcon;
				CODE_SIGN_STYLE = Automatic;
				DEVELOPMENT_TEAM = D49753ZB3N;
				INFOPLIST_FILE = "Zadatak!/Info.plist";
				LD_RUNPATH_SEARCH_PATHS = (
					"$(inherited)",
					"@executable_path/Frameworks",
				);
				PRODUCT_BUNDLE_IDENTIFIER = "test.Zadatak-";
				PRODUCT_NAME = "$(TARGET_NAME)";
				SWIFT_VERSION = 5.0;
				TARGETED_DEVICE_FAMILY = "1,2";
			};
			name = Debug;
		};
		D6D945D02387F49000E773C4 /* Release */ = {
			isa = XCBuildConfiguration;
			baseConfigurationReference = 6878ED7DD7C243F8FBAC9AC0 /* Pods-Zadatak!.release.xcconfig */;
			buildSettings = {
				ASSETCATALOG_COMPILER_APPICON_NAME = AppIcon;
				CODE_SIGN_STYLE = Automatic;
				DEVELOPMENT_TEAM = D49753ZB3N;
				INFOPLIST_FILE = "Zadatak!/Info.plist";
				LD_RUNPATH_SEARCH_PATHS = (
					"$(inherited)",
					"@executable_path/Frameworks",
				);
				PRODUCT_BUNDLE_IDENTIFIER = "test.Zadatak-";
				PRODUCT_NAME = "$(TARGET_NAME)";
				SWIFT_VERSION = 5.0;
				TARGETED_DEVICE_FAMILY = "1,2";
			};
			name = Release;
		};
/* End XCBuildConfiguration section */

/* Begin XCConfigurationList section */
		D6D945B52387F48D00E773C4 /* Build configuration list for PBXProject "Zadatak!" */ = {
			isa = XCConfigurationList;
			buildConfigurations = (
				D6D945CC2387F49000E773C4 /* Debug */,
				D6D945CD2387F49000E773C4 /* Release */,
			);
			defaultConfigurationIsVisible = 0;
			defaultConfigurationName = Release;
		};
		D6D945CE2387F49000E773C4 /* Build configuration list for PBXNativeTarget "Zadatak!" */ = {
			isa = XCConfigurationList;
			buildConfigurations = (
				D6D945CF2387F49000E773C4 /* Debug */,
				D6D945D02387F49000E773C4 /* Release */,
			);
			defaultConfigurationIsVisible = 0;
			defaultConfigurationName = Release;
		};
/* End XCConfigurationList section */
	};
	rootObject = D6D945B22387F48D00E773C4 /* Project object */;
}
