// !$*UTF8*$!
{
	archiveVersion = 1;
	classes = {
	};
	objectVersion = 51;
	objects = {

/* Begin PBXBuildFile section */
		72E48A31E051BAE572C5FF49 /* Pods_Zadatak.framework in Frameworks */ = {isa = PBXBuildFile; fileRef = 2E945DEA45FFE2519366089E /* Pods_Zadatak.framework */; };
		D6D945A42387F3A100E773C4 /* Main.storyboard in Resources */ = {isa = PBXBuildFile; fileRef = D6D945A32387F3A100E773C4 /* Main.storyboard */; };
		D6D945A62387F3C000E773C4 /* Assets.xcassets in Resources */ = {isa = PBXBuildFile; fileRef = D6D945A52387F3C000E773C4 /* Assets.xcassets */; };
		D6D945A92387F3D800E773C4 /* LaunchScreen.storyboard in Resources */ = {isa = PBXBuildFile; fileRef = D6D945A82387F3D800E773C4 /* LaunchScreen.storyboard */; };
		D6D945AA2387F3F400E773C4 /* yugothil.ttf in Resources */ = {isa = PBXBuildFile; fileRef = D6D945A72387F3CF00E773C4 /* yugothil.ttf */; };
		D6D945AF2387F41E00E773C4 /* GoogleService-Info.plist in Resources */ = {isa = PBXBuildFile; fileRef = D6D945AD2387F41E00E773C4 /* GoogleService-Info.plist */; };
		D6D945B02387F41E00E773C4 /* Info.plist in Resources */ = {isa = PBXBuildFile; fileRef = D6D945AE2387F41E00E773C4 /* Info.plist */; };
/* End PBXBuildFile section */

/* Begin PBXFileReference section */
		2B02EB19366003101FCBB64E /* Pods-Zadatak.release.xcconfig */ = {isa = PBXFileReference; includeInIndex = 1; lastKnownFileType = text.xcconfig; name = "Pods-Zadatak.release.xcconfig"; path = "Target Support Files/Pods-Zadatak/Pods-Zadatak.release.xcconfig"; sourceTree = "<group>"; };
		2E945DEA45FFE2519366089E /* Pods_Zadatak.framework */ = {isa = PBXFileReference; explicitFileType = wrapper.framework; includeInIndex = 0; path = Pods_Zadatak.framework; sourceTree = BUILT_PRODUCTS_DIR; };
		B42CD701DD3F20C7AD2D4CA1 /* Pods-Zadatak.debug.xcconfig */ = {isa = PBXFileReference; includeInIndex = 1; lastKnownFileType = text.xcconfig; name = "Pods-Zadatak.debug.xcconfig"; path = "Target Support Files/Pods-Zadatak/Pods-Zadatak.debug.xcconfig"; sourceTree = "<group>"; };
		D69BA651238184DB00828BA8 /* Zadatak.app */ = {isa = PBXFileReference; explicitFileType = wrapper.application; includeInIndex = 0; path = Zadatak.app; sourceTree = BUILT_PRODUCTS_DIR; };
		D6D945A32387F3A100E773C4 /* Main.storyboard */ = {isa = PBXFileReference; fileEncoding = 4; lastKnownFileType = file.storyboard; path = Main.storyboard; sourceTree = SOURCE_ROOT; };
		D6D945A52387F3C000E773C4 /* Assets.xcassets */ = {isa = PBXFileReference; lastKnownFileType = folder.assetcatalog; path = Assets.xcassets; sourceTree = SOURCE_ROOT; };
		D6D945A72387F3CF00E773C4 /* yugothil.ttf */ = {isa = PBXFileReference; lastKnownFileType = file; path = yugothil.ttf; sourceTree = SOURCE_ROOT; };
		D6D945A82387F3D800E773C4 /* LaunchScreen.storyboard */ = {isa = PBXFileReference; fileEncoding = 4; lastKnownFileType = file.storyboard; path = LaunchScreen.storyboard; sourceTree = SOURCE_ROOT; };
		D6D945AD2387F41E00E773C4 /* GoogleService-Info.plist */ = {isa = PBXFileReference; fileEncoding = 4; lastKnownFileType = text.plist.xml; path = "GoogleService-Info.plist"; sourceTree = "<group>"; };
		D6D945AE2387F41E00E773C4 /* Info.plist */ = {isa = PBXFileReference; fileEncoding = 4; lastKnownFileType = text.plist.xml; path = Info.plist; sourceTree = "<group>"; };
/* End PBXFileReference section */

/* Begin PBXFrameworksBuildPhase section */
		D69BA64E238184DB00828BA8 /* Frameworks */ = {
			isa = PBXFrameworksBuildPhase;
			buildActionMask = 2147483647;
			files = (
				72E48A31E051BAE572C5FF49 /* Pods_Zadatak.framework in Frameworks */,
			);
			runOnlyForDeploymentPostprocessing = 0;
		};
/* End PBXFrameworksBuildPhase section */

/* Begin PBXGroup section */
		33313293B13739BA78071E79 /* Pods */ = {
			isa = PBXGroup;
			children = (
				B42CD701DD3F20C7AD2D4CA1 /* Pods-Zadatak.debug.xcconfig */,
				2B02EB19366003101FCBB64E /* Pods-Zadatak.release.xcconfig */,
			);
			path = Pods;
			sourceTree = "<group>";
		};
		B8DE15772A263A6EA23708AB /* Frameworks */ = {
			isa = PBXGroup;
			children = (
				2E945DEA45FFE2519366089E /* Pods_Zadatak.framework */,
			);
			name = Frameworks;
			sourceTree = "<group>";
		};
		D622B7C62387D0FB00886370 /* Model */ = {
			isa = PBXGroup;
			children = (
			);
			name = Model;
			path = ..;
			sourceTree = "<group>";
		};
		D622B7C92387D11F00886370 /* Controller */ = {
			isa = PBXGroup;
			children = (
			);
			name = Controller;
			path = ..;
			sourceTree = "<group>";
		};
		D622B7CA2387D12200886370 /* View */ = {
			isa = PBXGroup;
			children = (
			);
			name = View;
			path = ..;
			sourceTree = "<group>";
		};
		D622B7CD2387E51100886370 /* Util */ = {
			isa = PBXGroup;
			children = (
			);
			name = Util;
			path = ..;
			sourceTree = "<group>";
		};
		D622B7CE2387E54B00886370 /* VC */ = {
			isa = PBXGroup;
			children = (
			);
			name = VC;
			path = ..;
			sourceTree = "<group>";
		};
		D622B7CF2387E57700886370 /* UI */ = {
			isa = PBXGroup;
			children = (
			);
			name = UI;
			path = ..;
			sourceTree = "<group>";
		};
		D69BA648238184DA00828BA8 = {
			isa = PBXGroup;
			children = (
				D69BA653238184DB00828BA8 /* Zadatak */,
				D69BA652238184DB00828BA8 /* Products */,
				33313293B13739BA78071E79 /* Pods */,
				B8DE15772A263A6EA23708AB /* Frameworks */,
			);
			sourceTree = "<group>";
		};
		D69BA652238184DB00828BA8 /* Products */ = {
			isa = PBXGroup;
			children = (
				D69BA651238184DB00828BA8 /* Zadatak.app */,
			);
			name = Products;
			sourceTree = "<group>";
		};
		D69BA653238184DB00828BA8 /* Zadatak */ = {
			isa = PBXGroup;
			children = (
				D6D945AD2387F41E00E773C4 /* GoogleService-Info.plist */,
				D6D945AE2387F41E00E773C4 /* Info.plist */,
				D6D945A82387F3D800E773C4 /* LaunchScreen.storyboard */,
				D6D945A72387F3CF00E773C4 /* yugothil.ttf */,
				D6D945A52387F3C000E773C4 /* Assets.xcassets */,
				D6D945A32387F3A100E773C4 /* Main.storyboard */,
				D622B7C62387D0FB00886370 /* Model */,
				D622B7CE2387E54B00886370 /* VC */,
				D622B7CD2387E51100886370 /* Util */,
				D622B7C92387D11F00886370 /* Controller */,
				D622B7CA2387D12200886370 /* View */,
				D622B7CF2387E57700886370 /* UI */,
			);
			path = Zadatak;
			sourceTree = "<group>";
		};
/* End PBXGroup section */

/* Begin PBXNativeTarget section */
		D69BA650238184DB00828BA8 /* Zadatak */ = {
			isa = PBXNativeTarget;
			buildConfigurationList = D69BA665238184DD00828BA8 /* Build configuration list for PBXNativeTarget "Zadatak" */;
			buildPhases = (
				033FF5C0084820D89A18719D /* [CP] Check Pods Manifest.lock */,
				D69BA64D238184DB00828BA8 /* Sources */,
				D69BA64E238184DB00828BA8 /* Frameworks */,
				D69BA64F238184DB00828BA8 /* Resources */,
				6D0664EE49AC53754A688A96 /* [CP] Embed Pods Frameworks */,
				24A1B0A9A33834EE860B1A4A /* [CP] Copy Pods Resources */,
			);
			buildRules = (
			);
			dependencies = (
			);
			name = Zadatak;
			productName = Zadatak;
			productReference = D69BA651238184DB00828BA8 /* Zadatak.app */;
			productType = "com.apple.product-type.application";
		};
/* End PBXNativeTarget section */

/* Begin PBXProject section */
		D69BA649238184DA00828BA8 /* Project object */ = {
			isa = PBXProject;
			attributes = {
				LastSwiftUpdateCheck = 1110;
				LastUpgradeCheck = 1110;
				ORGANIZATIONNAME = "이현욱";
				TargetAttributes = {
					D69BA650238184DB00828BA8 = {
						CreatedOnToolsVersion = 11.1;
					};
				};
			};
			buildConfigurationList = D69BA64C238184DB00828BA8 /* Build configuration list for PBXProject "Zadatak" */;
			compatibilityVersion = "Xcode 9.3";
			developmentRegion = en;
			hasScannedForEncodings = 0;
			knownRegions = (
				en,
				Base,
			);
			mainGroup = D69BA648238184DA00828BA8;
			productRefGroup = D69BA652238184DB00828BA8 /* Products */;
			projectDirPath = "";
			projectRoot = "";
			targets = (
				D69BA650238184DB00828BA8 /* Zadatak */,
			);
		};
/* End PBXProject section */

/* Begin PBXResourcesBuildPhase section */
		D69BA64F238184DB00828BA8 /* Resources */ = {
			isa = PBXResourcesBuildPhase;
			buildActionMask = 2147483647;
			files = (
				D6D945A42387F3A100E773C4 /* Main.storyboard in Resources */,
				D6D945AA2387F3F400E773C4 /* yugothil.ttf in Resources */,
				D6D945B02387F41E00E773C4 /* Info.plist in Resources */,
				D6D945AF2387F41E00E773C4 /* GoogleService-Info.plist in Resources */,
				D6D945A92387F3D800E773C4 /* LaunchScreen.storyboard in Resources */,
				D6D945A62387F3C000E773C4 /* Assets.xcassets in Resources */,
			);
			runOnlyForDeploymentPostprocessing = 0;
		};
/* End PBXResourcesBuildPhase section */

/* Begin PBXShellScriptBuildPhase section */
		033FF5C0084820D89A18719D /* [CP] Check Pods Manifest.lock */ = {
			isa = PBXShellScriptBuildPhase;
			buildActionMask = 2147483647;
			files = (
			);
			inputFileListPaths = (
			);
			inputPaths = (
				"${PODS_PODFILE_DIR_PATH}/Podfile.lock",
				"${PODS_ROOT}/Manifest.lock",
			);
			name = "[CP] Check Pods Manifest.lock";
			outputFileListPaths = (
			);
			outputPaths = (
				"$(DERIVED_FILE_DIR)/Pods-Zadatak-checkManifestLockResult.txt",
			);
			runOnlyForDeploymentPostprocessing = 0;
			shellPath = /bin/sh;
			shellScript = "diff \"${PODS_PODFILE_DIR_PATH}/Podfile.lock\" \"${PODS_ROOT}/Manifest.lock\" > /dev/null\nif [ $? != 0 ] ; then\n    # print error to STDERR\n    echo \"error: The sandbox is not in sync with the Podfile.lock. Run 'pod install' or update your CocoaPods installation.\" >&2\n    exit 1\nfi\n# This output is used by Xcode 'outputs' to avoid re-running this script phase.\necho \"SUCCESS\" > \"${SCRIPT_OUTPUT_FILE_0}\"\n";
			showEnvVarsInLog = 0;
		};
		24A1B0A9A33834EE860B1A4A /* [CP] Copy Pods Resources */ = {
			isa = PBXShellScriptBuildPhase;
			buildActionMask = 2147483647;
			files = (
			);
			inputFileListPaths = (
				"${PODS_ROOT}/Target Support Files/Pods-Zadatak/Pods-Zadatak-resources-${CONFIGURATION}-input-files.xcfilelist",
			);
			name = "[CP] Copy Pods Resources";
			outputFileListPaths = (
				"${PODS_ROOT}/Target Support Files/Pods-Zadatak/Pods-Zadatak-resources-${CONFIGURATION}-output-files.xcfilelist",
			);
			runOnlyForDeploymentPostprocessing = 0;
			shellPath = /bin/sh;
			shellScript = "\"${PODS_ROOT}/Target Support Files/Pods-Zadatak/Pods-Zadatak-resources.sh\"\n";
			showEnvVarsInLog = 0;
		};
		6D0664EE49AC53754A688A96 /* [CP] Embed Pods Frameworks */ = {
			isa = PBXShellScriptBuildPhase;
			buildActionMask = 2147483647;
			files = (
			);
			inputFileListPaths = (
				"${PODS_ROOT}/Target Support Files/Pods-Zadatak/Pods-Zadatak-frameworks-${CONFIGURATION}-input-files.xcfilelist",
			);
			name = "[CP] Embed Pods Frameworks";
			outputFileListPaths = (
				"${PODS_ROOT}/Target Support Files/Pods-Zadatak/Pods-Zadatak-frameworks-${CONFIGURATION}-output-files.xcfilelist",
			);
			runOnlyForDeploymentPostprocessing = 0;
			shellPath = /bin/sh;
			shellScript = "\"${PODS_ROOT}/Target Support Files/Pods-Zadatak/Pods-Zadatak-frameworks.sh\"\n";
			showEnvVarsInLog = 0;
		};
/* End PBXShellScriptBuildPhase section */

/* Begin PBXSourcesBuildPhase section */
		D69BA64D238184DB00828BA8 /* Sources */ = {
			isa = PBXSourcesBuildPhase;
			buildActionMask = 2147483647;
			files = (
			);
			runOnlyForDeploymentPostprocessing = 0;
		};
/* End PBXSourcesBuildPhase section */

/* Begin XCBuildConfiguration section */
		D69BA663238184DD00828BA8 /* Debug */ = {
			isa = XCBuildConfiguration;
			buildSettings = {
				ALWAYS_SEARCH_USER_PATHS = NO;
				CLANG_ANALYZER_NONNULL = YES;
				CLANG_ANALYZER_NUMBER_OBJECT_CONVERSION = YES_AGGRESSIVE;
				CLANG_CXX_LANGUAGE_STANDARD = "gnu++14";
				CLANG_CXX_LIBRARY = "libc++";
				CLANG_ENABLE_MODULES = YES;
				CLANG_ENABLE_OBJC_ARC = YES;
				CLANG_ENABLE_OBJC_WEAK = YES;
				CLANG_WARN_BLOCK_CAPTURE_AUTORELEASING = YES;
				CLANG_WARN_BOOL_CONVERSION = YES;
				CLANG_WARN_COMMA = YES;
				CLANG_WARN_CONSTANT_CONVERSION = YES;
				CLANG_WARN_DEPRECATED_OBJC_IMPLEMENTATIONS = YES;
				CLANG_WARN_DIRECT_OBJC_ISA_USAGE = YES_ERROR;
				CLANG_WARN_DOCUMENTATION_COMMENTS = YES;
				CLANG_WARN_EMPTY_BODY = YES;
				CLANG_WARN_ENUM_CONVERSION = YES;
				CLANG_WARN_INFINITE_RECURSION = YES;
				CLANG_WARN_INT_CONVERSION = YES;
				CLANG_WARN_NON_LITERAL_NULL_CONVERSION = YES;
				CLANG_WARN_OBJC_IMPLICIT_RETAIN_SELF = YES;
				CLANG_WARN_OBJC_LITERAL_CONVERSION = YES;
				CLANG_WARN_OBJC_ROOT_CLASS = YES_ERROR;
				CLANG_WARN_RANGE_LOOP_ANALYSIS = YES;
				CLANG_WARN_STRICT_PROTOTYPES = YES;
				CLANG_WARN_SUSPICIOUS_MOVE = YES;
				CLANG_WARN_UNGUARDED_AVAILABILITY = YES_AGGRESSIVE;
				CLANG_WARN_UNREACHABLE_CODE = YES;
				CLANG_WARN__DUPLICATE_METHOD_MATCH = YES;
				COPY_PHASE_STRIP = NO;
				DEBUG_INFORMATION_FORMAT = dwarf;
				ENABLE_STRICT_OBJC_MSGSEND = YES;
				ENABLE_TESTABILITY = YES;
				GCC_C_LANGUAGE_STANDARD = gnu11;
				GCC_DYNAMIC_NO_PIC = NO;
				GCC_NO_COMMON_BLOCKS = YES;
				GCC_OPTIMIZATION_LEVEL = 0;
				GCC_PREPROCESSOR_DEFINITIONS = (
					"DEBUG=1",
					"$(inherited)",
				);
				GCC_WARN_64_TO_32_BIT_CONVERSION = YES;
				GCC_WARN_ABOUT_RETURN_TYPE = YES_ERROR;
				GCC_WARN_UNDECLARED_SELECTOR = YES;
				GCC_WARN_UNINITIALIZED_AUTOS = YES_AGGRESSIVE;
				GCC_WARN_UNUSED_FUNCTION = YES;
				GCC_WARN_UNUSED_VARIABLE = YES;
				IPHONEOS_DEPLOYMENT_TARGET = 13.1;
				MTL_ENABLE_DEBUG_INFO = INCLUDE_SOURCE;
				MTL_FAST_MATH = YES;
				ONLY_ACTIVE_ARCH = YES;
				SDKROOT = iphoneos;
				SWIFT_ACTIVE_COMPILATION_CONDITIONS = DEBUG;
				SWIFT_OPTIMIZATION_LEVEL = "-Onone";
			};
			name = Debug;
		};
		D69BA664238184DD00828BA8 /* Release */ = {
			isa = XCBuildConfiguration;
			buildSettings = {
				ALWAYS_SEARCH_USER_PATHS = NO;
				CLANG_ANALYZER_NONNULL = YES;
				CLANG_ANALYZER_NUMBER_OBJECT_CONVERSION = YES_AGGRESSIVE;
				CLANG_CXX_LANGUAGE_STANDARD = "gnu++14";
				CLANG_CXX_LIBRARY = "libc++";
				CLANG_ENABLE_MODULES = YES;
				CLANG_ENABLE_OBJC_ARC = YES;
				CLANG_ENABLE_OBJC_WEAK = YES;
				CLANG_WARN_BLOCK_CAPTURE_AUTORELEASING = YES;
				CLANG_WARN_BOOL_CONVERSION = YES;
				CLANG_WARN_COMMA = YES;
				CLANG_WARN_CONSTANT_CONVERSION = YES;
				CLANG_WARN_DEPRECATED_OBJC_IMPLEMENTATIONS = YES;
				CLANG_WARN_DIRECT_OBJC_ISA_USAGE = YES_ERROR;
				CLANG_WARN_DOCUMENTATION_COMMENTS = YES;
				CLANG_WARN_EMPTY_BODY = YES;
				CLANG_WARN_ENUM_CONVERSION = YES;
				CLANG_WARN_INFINITE_RECURSION = YES;
				CLANG_WARN_INT_CONVERSION = YES;
				CLANG_WARN_NON_LITERAL_NULL_CONVERSION = YES;
				CLANG_WARN_OBJC_IMPLICIT_RETAIN_SELF = YES;
				CLANG_WARN_OBJC_LITERAL_CONVERSION = YES;
				CLANG_WARN_OBJC_ROOT_CLASS = YES_ERROR;
				CLANG_WARN_RANGE_LOOP_ANALYSIS = YES;
				CLANG_WARN_STRICT_PROTOTYPES = YES;
				CLANG_WARN_SUSPICIOUS_MOVE = YES;
				CLANG_WARN_UNGUARDED_AVAILABILITY = YES_AGGRESSIVE;
				CLANG_WARN_UNREACHABLE_CODE = YES;
				CLANG_WARN__DUPLICATE_METHOD_MATCH = YES;
				COPY_PHASE_STRIP = NO;
				DEBUG_INFORMATION_FORMAT = "dwarf-with-dsym";
				ENABLE_NS_ASSERTIONS = NO;
				ENABLE_STRICT_OBJC_MSGSEND = YES;
				GCC_C_LANGUAGE_STANDARD = gnu11;
				GCC_NO_COMMON_BLOCKS = YES;
				GCC_WARN_64_TO_32_BIT_CONVERSION = YES;
				GCC_WARN_ABOUT_RETURN_TYPE = YES_ERROR;
				GCC_WARN_UNDECLARED_SELECTOR = YES;
				GCC_WARN_UNINITIALIZED_AUTOS = YES_AGGRESSIVE;
				GCC_WARN_UNUSED_FUNCTION = YES;
				GCC_WARN_UNUSED_VARIABLE = YES;
				IPHONEOS_DEPLOYMENT_TARGET = 13.1;
				MTL_ENABLE_DEBUG_INFO = NO;
				MTL_FAST_MATH = YES;
				SDKROOT = iphoneos;
				SWIFT_COMPILATION_MODE = wholemodule;
				SWIFT_OPTIMIZATION_LEVEL = "-O";
				VALIDATE_PRODUCT = YES;
			};
			name = Release;
		};
		D69BA666238184DD00828BA8 /* Debug */ = {
			isa = XCBuildConfiguration;
			baseConfigurationReference = B42CD701DD3F20C7AD2D4CA1 /* Pods-Zadatak.debug.xcconfig */;
			buildSettings = {
				ASSETCATALOG_COMPILER_APPICON_NAME = AppIcon;
				CODE_SIGN_STYLE = Automatic;
				DEVELOPMENT_TEAM = D49753ZB3N;
				INFOPLIST_FILE = Zadatak/Info.plist;
				LD_RUNPATH_SEARCH_PATHS = (
					"$(inherited)",
					"@executable_path/Frameworks",
				);
				PRODUCT_BUNDLE_IDENTIFIER = test.Zadatak;
				PRODUCT_NAME = "$(TARGET_NAME)";
				SWIFT_VERSION = 5.0;
				TARGETED_DEVICE_FAMILY = "1,2";
			};
			name = Debug;
		};
		D69BA667238184DD00828BA8 /* Release */ = {
			isa = XCBuildConfiguration;
			baseConfigurationReference = 2B02EB19366003101FCBB64E /* Pods-Zadatak.release.xcconfig */;
			buildSettings = {
				ASSETCATALOG_COMPILER_APPICON_NAME = AppIcon;
				CODE_SIGN_STYLE = Automatic;
				DEVELOPMENT_TEAM = D49753ZB3N;
				INFOPLIST_FILE = Zadatak/Info.plist;
				LD_RUNPATH_SEARCH_PATHS = (
					"$(inherited)",
					"@executable_path/Frameworks",
				);
				PRODUCT_BUNDLE_IDENTIFIER = test.Zadatak;
				PRODUCT_NAME = "$(TARGET_NAME)";
				SWIFT_VERSION = 5.0;
				TARGETED_DEVICE_FAMILY = "1,2";
			};
			name = Release;
		};
/* End XCBuildConfiguration section */

/* Begin XCConfigurationList section */
		D69BA64C238184DB00828BA8 /* Build configuration list for PBXProject "Zadatak" */ = {
			isa = XCConfigurationList;
			buildConfigurations = (
				D69BA663238184DD00828BA8 /* Debug */,
				D69BA664238184DD00828BA8 /* Release */,
			);
			defaultConfigurationIsVisible = 0;
			defaultConfigurationName = Release;
		};
		D69BA665238184DD00828BA8 /* Build configuration list for PBXNativeTarget "Zadatak" */ = {
			isa = XCConfigurationList;
			buildConfigurations = (
				D69BA666238184DD00828BA8 /* Debug */,
				D69BA667238184DD00828BA8 /* Release */,
			);
			defaultConfigurationIsVisible = 0;
			defaultConfigurationName = Release;
		};
/* End XCConfigurationList section */
	};
	rootObject = D69BA649238184DA00828BA8 /* Project object */;
}
